// !$*UTF8*$!
{
	archiveVersion = 1;
	classes = {
	};
	objectVersion = 50;
	objects = {

/* Begin PBXBuildFile section */
		F2C7B2AB25C7D0EB00A14608 /* AppDelegate.swift in Sources */ = {isa = PBXBuildFile; fileRef = F2C7B2AA25C7D0EB00A14608 /* AppDelegate.swift */; };
		F2C7B2AD25C7D0EB00A14608 /* SceneDelegate.swift in Sources */ = {isa = PBXBuildFile; fileRef = F2C7B2AC25C7D0EB00A14608 /* SceneDelegate.swift */; };
		F2C7B2B225C7D0EB00A14608 /* Main.storyboard in Resources */ = {isa = PBXBuildFile; fileRef = F2C7B2B025C7D0EB00A14608 /* Main.storyboard */; };
		F2C7B2B525C7D0EB00A14608 /* A2_FA_iOS_Shiwani_C0790032.xcdatamodeld in Sources */ = {isa = PBXBuildFile; fileRef = F2C7B2B325C7D0EB00A14608 /* A2_FA_iOS_Shiwani_C0790032.xcdatamodeld */; };
		F2C7B2B725C7D0ED00A14608 /* Assets.xcassets in Resources */ = {isa = PBXBuildFile; fileRef = F2C7B2B625C7D0ED00A14608 /* Assets.xcassets */; };
		F2C7B2BA25C7D0ED00A14608 /* LaunchScreen.storyboard in Resources */ = {isa = PBXBuildFile; fileRef = F2C7B2B825C7D0ED00A14608 /* LaunchScreen.storyboard */; };
		F2C7B2C425C7D2D200A14608 /* ProductTV.swift in Sources */ = {isa = PBXBuildFile; fileRef = F2C7B2C325C7D2D200A14608 /* ProductTV.swift */; };
		F2C7B2C925C7D3DC00A14608 /* A2_FA_iOS_Shiwani_C0790032.xcdatamodeld in Sources */ = {isa = PBXBuildFile; fileRef = F2C7B2C725C7D3DC00A14608 /* A2_FA_iOS_Shiwani_C0790032.xcdatamodeld */; };
/* End PBXBuildFile section */

/* Begin PBXFileReference section */
		F2C7B2A725C7D0EB00A14608 /* A2_FA_iOS_Shiwani_C0790032.app */ = {isa = PBXFileReference; explicitFileType = wrapper.application; includeInIndex = 0; path = A2_FA_iOS_Shiwani_C0790032.app; sourceTree = BUILT_PRODUCTS_DIR; };
		F2C7B2AA25C7D0EB00A14608 /* AppDelegate.swift */ = {isa = PBXFileReference; lastKnownFileType = sourcecode.swift; path = AppDelegate.swift; sourceTree = "<group>"; };
		F2C7B2AC25C7D0EB00A14608 /* SceneDelegate.swift */ = {isa = PBXFileReference; lastKnownFileType = sourcecode.swift; path = SceneDelegate.swift; sourceTree = "<group>"; };
		F2C7B2B125C7D0EB00A14608 /* Base */ = {isa = PBXFileReference; lastKnownFileType = file.storyboard; name = Base; path = Base.lproj/Main.storyboard; sourceTree = "<group>"; };
		F2C7B2B425C7D0EB00A14608 /* A2_FA_iOS_Shiwani_C0790032.xcdatamodel */ = {isa = PBXFileReference; lastKnownFileType = wrapper.xcdatamodel; path = A2_FA_iOS_Shiwani_C0790032.xcdatamodel; sourceTree = "<group>"; };
		F2C7B2B625C7D0ED00A14608 /* Assets.xcassets */ = {isa = PBXFileReference; lastKnownFileType = folder.assetcatalog; path = Assets.xcassets; sourceTree = "<group>"; };
		F2C7B2B925C7D0ED00A14608 /* Base */ = {isa = PBXFileReference; lastKnownFileType = file.storyboard; name = Base; path = Base.lproj/LaunchScreen.storyboard; sourceTree = "<group>"; };
		F2C7B2BB25C7D0ED00A14608 /* Info.plist */ = {isa = PBXFileReference; lastKnownFileType = text.plist.xml; path = Info.plist; sourceTree = "<group>"; };
		F2C7B2C325C7D2D200A14608 /* ProductTV.swift */ = {isa = PBXFileReference; fileEncoding = 4; lastKnownFileType = sourcecode.swift; path = ProductTV.swift; sourceTree = "<group>"; };
		F2C7B2C825C7D3DC00A14608 /* ProductsModel.xcdatamodel */ = {isa = PBXFileReference; lastKnownFileType = wrapper.xcdatamodel; path = ProductsModel.xcdatamodel; sourceTree = "<group>"; };
/* End PBXFileReference section */

/* Begin PBXFrameworksBuildPhase section */
		F2C7B2A425C7D0EB00A14608 /* Frameworks */ = {
			isa = PBXFrameworksBuildPhase;
			buildActionMask = 2147483647;
			files = (
			);
			runOnlyForDeploymentPostprocessing = 0;
		};
/* End PBXFrameworksBuildPhase section */

/* Begin PBXGroup section */
		F2C7B29E25C7D0EB00A14608 = {
			isa = PBXGroup;
			children = (
				F2C7B2A925C7D0EB00A14608 /* A2_FA_iOS_Shiwani_C0790032 */,
				F2C7B2A825C7D0EB00A14608 /* Products */,
			);
			sourceTree = "<group>";
		};
		F2C7B2A825C7D0EB00A14608 /* Products */ = {
			isa = PBXGroup;
			children = (
				F2C7B2A725C7D0EB00A14608 /* A2_FA_iOS_Shiwani_C0790032.app */,
			);
			name = Products;
			sourceTree = "<group>";
		};
		F2C7B2A925C7D0EB00A14608 /* A2_FA_iOS_Shiwani_C0790032 */ = {
			isa = PBXGroup;
			children = (
				F2C7B2AA25C7D0EB00A14608 /* AppDelegate.swift */,
				F2C7B2AC25C7D0EB00A14608 /* SceneDelegate.swift */,
				F2C7B2B025C7D0EB00A14608 /* Main.storyboard */,
				F2C7B2B625C7D0ED00A14608 /* Assets.xcassets */,
				F2C7B2C325C7D2D200A14608 /* ProductTV.swift */,
				F2C7B2B825C7D0ED00A14608 /* LaunchScreen.storyboard */,
				F2C7B2C725C7D3DC00A14608 /* A2_FA_iOS_Shiwani_C0790032.xcdatamodeld */,
				F2C7B2BB25C7D0ED00A14608 /* Info.plist */,
				F2C7B2B325C7D0EB00A14608 /* A2_FA_iOS_Shiwani_C0790032.xcdatamodeld */,
			);
			path = A2_FA_iOS_Shiwani_C0790032;
			sourceTree = "<group>";
		};
/* End PBXGroup section */

/* Begin PBXNativeTarget section */
		F2C7B2A625C7D0EB00A14608 /* A2_FA_iOS_Shiwani_C0790032 */ = {
			isa = PBXNativeTarget;
			buildConfigurationList = F2C7B2BE25C7D0ED00A14608 /* Build configuration list for PBXNativeTarget "A2_FA_iOS_Shiwani_C0790032" */;
			buildPhases = (
				F2C7B2A325C7D0EB00A14608 /* Sources */,
				F2C7B2A425C7D0EB00A14608 /* Frameworks */,
				F2C7B2A525C7D0EB00A14608 /* Resources */,
			);
			buildRules = (
			);
			dependencies = (
			);
			name = A2_FA_iOS_Shiwani_C0790032;
			productName = A2_FA_iOS_Shiwani_C0790032;
			productReference = F2C7B2A725C7D0EB00A14608 /* A2_FA_iOS_Shiwani_C0790032.app */;
			productType = "com.apple.product-type.application";
		};
/* End PBXNativeTarget section */

/* Begin PBXProject section */
		F2C7B29F25C7D0EB00A14608 /* Project object */ = {
			isa = PBXProject;
			attributes = {
				LastSwiftUpdateCheck = 1230;
				LastUpgradeCheck = 1230;
				TargetAttributes = {
					F2C7B2A625C7D0EB00A14608 = {
						CreatedOnToolsVersion = 12.3;
					};
				};
			};
			buildConfigurationList = F2C7B2A225C7D0EB00A14608 /* Build configuration list for PBXProject "A2_FA_iOS_Shiwani_C0790032" */;
			compatibilityVersion = "Xcode 9.3";
			developmentRegion = en;
			hasScannedForEncodings = 0;
			knownRegions = (
				en,
				Base,
			);
			mainGroup = F2C7B29E25C7D0EB00A14608;
			productRefGroup = F2C7B2A825C7D0EB00A14608 /* Products */;
			projectDirPath = "";
			projectRoot = "";
			targets = (
				F2C7B2A625C7D0EB00A14608 /* A2_FA_iOS_Shiwani_C0790032 */,
			);
		};
/* End PBXProject section */

/* Begin PBXResourcesBuildPhase section */
		F2C7B2A525C7D0EB00A14608 /* Resources */ = {
			isa = PBXResourcesBuildPhase;
			buildActionMask = 2147483647;
			files = (
				F2C7B2BA25C7D0ED00A14608 /* LaunchScreen.storyboard in Resources */,
				F2C7B2B725C7D0ED00A14608 /* Assets.xcassets in Resources */,
				F2C7B2B225C7D0EB00A14608 /* Main.storyboard in Resources */,
			);
			runOnlyForDeploymentPostprocessing = 0;
		};
/* End PBXResourcesBuildPhase section */

/* Begin PBXSourcesBuildPhase section */
		F2C7B2A325C7D0EB00A14608 /* Sources */ = {
			isa = PBXSourcesBuildPhase;
			buildActionMask = 2147483647;
			files = (
				F2C7B2AB25C7D0EB00A14608 /* AppDelegate.swift in Sources */,
				F2C7B2AD25C7D0EB00A14608 /* SceneDelegate.swift in Sources */,
				F2C7B2C425C7D2D200A14608 /* ProductTV.swift in Sources */,
				F2C7B2B525C7D0EB00A14608 /* A2_FA_iOS_Shiwani_C0790032.xcdatamodeld in Sources */,
				F2C7B2C925C7D3DC00A14608 /* A2_FA_iOS_Shiwani_C0790032.xcdatamodeld in Sources */,
			);
			runOnlyForDeploymentPostprocessing = 0;
		};
/* End PBXSourcesBuildPhase section */

/* Begin PBXVariantGroup section */
		F2C7B2B025C7D0EB00A14608 /* Main.storyboard */ = {
			isa = PBXVariantGroup;
			children = (
				F2C7B2B125C7D0EB00A14608 /* Base */,
			);
			name = Main.storyboard;
			sourceTree = "<group>";
		};
		F2C7B2B825C7D0ED00A14608 /* LaunchScreen.storyboard */ = {
			isa = PBXVariantGroup;
			children = (
				F2C7B2B925C7D0ED00A14608 /* Base */,
			);
			name = LaunchScreen.storyboard;
			sourceTree = "<group>";
		};
/* End PBXVariantGroup section */

/* Begin XCBuildConfiguration section */
		F2C7B2BC25C7D0ED00A14608 /* Debug */ = {
			isa = XCBuildConfiguration;
			buildSettings = {
				ALWAYS_SEARCH_USER_PATHS = NO;
				CLANG_ANALYZER_NONNULL = YES;
				CLANG_ANALYZER_NUMBER_OBJECT_CONVERSION = YES_AGGRESSIVE;
				CLANG_CXX_LANGUAGE_STANDARD = "gnu++14";
				CLANG_CXX_LIBRARY = "libc++";
				CLANG_ENABLE_MODULES = YES;
				CLANG_ENABLE_OBJC_ARC = YES;
				CLANG_ENABLE_OBJC_WEAK = YES;
				CLANG_WARN_BLOCK_CAPTURE_AUTORELEASING = YES;
				CLANG_WARN_BOOL_CONVERSION = YES;
				CLANG_WARN_COMMA = YES;
				CLANG_WARN_CONSTANT_CONVERSION = YES;
				CLANG_WARN_DEPRECATED_OBJC_IMPLEMENTATIONS = YES;
				CLANG_WARN_DIRECT_OBJC_ISA_USAGE = YES_ERROR;
				CLANG_WARN_DOCUMENTATION_COMMENTS = YES;
				CLANG_WARN_EMPTY_BODY = YES;
				CLANG_WARN_ENUM_CONVERSION = YES;
				CLANG_WARN_INFINITE_RECURSION = YES;
				CLANG_WARN_INT_CONVERSION = YES;
				CLANG_WARN_NON_LITERAL_NULL_CONVERSION = YES;
				CLANG_WARN_OBJC_IMPLICIT_RETAIN_SELF = YES;
				CLANG_WARN_OBJC_LITERAL_CONVERSION = YES;
				CLANG_WARN_OBJC_ROOT_CLASS = YES_ERROR;
				CLANG_WARN_QUOTED_INCLUDE_IN_FRAMEWORK_HEADER = YES;
				CLANG_WARN_RANGE_LOOP_ANALYSIS = YES;
				CLANG_WARN_STRICT_PROTOTYPES = YES;
				CLANG_WARN_SUSPICIOUS_MOVE = YES;
				CLANG_WARN_UNGUARDED_AVAILABILITY = YES_AGGRESSIVE;
				CLANG_WARN_UNREACHABLE_CODE = YES;
				CLANG_WARN__DUPLICATE_METHOD_MATCH = YES;
				COPY_PHASE_STRIP = NO;
				DEBUG_INFORMATION_FORMAT = dwarf;
				ENABLE_STRICT_OBJC_MSGSEND = YES;
				ENABLE_TESTABILITY = YES;
				GCC_C_LANGUAGE_STANDARD = gnu11;
				GCC_DYNAMIC_NO_PIC = NO;
				GCC_NO_COMMON_BLOCKS = YES;
				GCC_OPTIMIZATION_LEVEL = 0;
				GCC_PREPROCESSOR_DEFINITIONS = (
					"DEBUG=1",
					"$(inherited)",
				);
				GCC_WARN_64_TO_32_BIT_CONVERSION = YES;
				GCC_WARN_ABOUT_RETURN_TYPE = YES_ERROR;
				GCC_WARN_UNDECLARED_SELECTOR = YES;
				GCC_WARN_UNINITIALIZED_AUTOS = YES_AGGRESSIVE;
				GCC_WARN_UNUSED_FUNCTION = YES;
				GCC_WARN_UNUSED_VARIABLE = YES;
				IPHONEOS_DEPLOYMENT_TARGET = 14.3;
				MTL_ENABLE_DEBUG_INFO = INCLUDE_SOURCE;
				MTL_FAST_MATH = YES;
				ONLY_ACTIVE_ARCH = YES;
				SDKROOT = iphoneos;
				SWIFT_ACTIVE_COMPILATION_CONDITIONS = DEBUG;
				SWIFT_OPTIMIZATION_LEVEL = "-Onone";
			};
			name = Debug;
		};
		F2C7B2BD25C7D0ED00A14608 /* Release */ = {
			isa = XCBuildConfiguration;
			buildSettings = {
				ALWAYS_SEARCH_USER_PATHS = NO;
				CLANG_ANALYZER_NONNULL = YES;
				CLANG_ANALYZER_NUMBER_OBJECT_CONVERSION = YES_AGGRESSIVE;
				CLANG_CXX_LANGUAGE_STANDARD = "gnu++14";
				CLANG_CXX_LIBRARY = "libc++";
				CLANG_ENABLE_MODULES = YES;
				CLANG_ENABLE_OBJC_ARC = YES;
				CLANG_ENABLE_OBJC_WEAK = YES;
				CLANG_WARN_BLOCK_CAPTURE_AUTORELEASING = YES;
				CLANG_WARN_BOOL_CONVERSION = YES;
				CLANG_WARN_COMMA = YES;
				CLANG_WARN_CONSTANT_CONVERSION = YES;
				CLANG_WARN_DEPRECATED_OBJC_IMPLEMENTATIONS = YES;
				CLANG_WARN_DIRECT_OBJC_ISA_USAGE = YES_ERROR;
				CLANG_WARN_DOCUMENTATION_COMMENTS = YES;
				CLANG_WARN_EMPTY_BODY = YES;
				CLANG_WARN_ENUM_CONVERSION = YES;
				CLANG_WARN_INFINITE_RECURSION = YES;
				CLANG_WARN_INT_CONVERSION = YES;
				CLANG_WARN_NON_LITERAL_NULL_CONVERSION = YES;
				CLANG_WARN_OBJC_IMPLICIT_RETAIN_SELF = YES;
				CLANG_WARN_OBJC_LITERAL_CONVERSION = YES;
				CLANG_WARN_OBJC_ROOT_CLASS = YES_ERROR;
				CLANG_WARN_QUOTED_INCLUDE_IN_FRAMEWORK_HEADER = YES;
				CLANG_WARN_RANGE_LOOP_ANALYSIS = YES;
				CLANG_WARN_STRICT_PROTOTYPES = YES;
				CLANG_WARN_SUSPICIOUS_MOVE = YES;
				CLANG_WARN_UNGUARDED_AVAILABILITY = YES_AGGRESSIVE;
				CLANG_WARN_UNREACHABLE_CODE = YES;
				CLANG_WARN__DUPLICATE_METHOD_MATCH = YES;
				COPY_PHASE_STRIP = NO;
				DEBUG_INFORMATION_FORMAT = "dwarf-with-dsym";
				ENABLE_NS_ASSERTIONS = NO;
				ENABLE_STRICT_OBJC_MSGSEND = YES;
				GCC_C_LANGUAGE_STANDARD = gnu11;
				GCC_NO_COMMON_BLOCKS = YES;
				GCC_WARN_64_TO_32_BIT_CONVERSION = YES;
				GCC_WARN_ABOUT_RETURN_TYPE = YES_ERROR;
				GCC_WARN_UNDECLARED_SELECTOR = YES;
				GCC_WARN_UNINITIALIZED_AUTOS = YES_AGGRESSIVE;
				GCC_WARN_UNUSED_FUNCTION = YES;
				GCC_WARN_UNUSED_VARIABLE = YES;
				IPHONEOS_DEPLOYMENT_TARGET = 14.3;
				MTL_ENABLE_DEBUG_INFO = NO;
				MTL_FAST_MATH = YES;
				SDKROOT = iphoneos;
				SWIFT_COMPILATION_MODE = wholemodule;
				SWIFT_OPTIMIZATION_LEVEL = "-O";
				VALIDATE_PRODUCT = YES;
			};
			name = Release;
		};
		F2C7B2BF25C7D0ED00A14608 /* Debug */ = {
			isa = XCBuildConfiguration;
			buildSettings = {
				ASSETCATALOG_COMPILER_APPICON_NAME = AppIcon;
				ASSETCATALOG_COMPILER_GLOBAL_ACCENT_COLOR_NAME = AccentColor;
				CODE_SIGN_STYLE = Automatic;
				INFOPLIST_FILE = A2_FA_iOS_Shiwani_C0790032/Info.plist;
				LD_RUNPATH_SEARCH_PATHS = (
					"$(inherited)",
					"@executable_path/Frameworks",
				);
				PRODUCT_BUNDLE_IDENTIFIER = "com.shiwani.A2-FA-iOS-Shiwani-C0790032";
				PRODUCT_NAME = "$(TARGET_NAME)";
				SWIFT_VERSION = 5.0;
				TARGETED_DEVICE_FAMILY = "1,2";
			};
			name = Debug;
		};
		F2C7B2C025C7D0ED00A14608 /* Release */ = {
			isa = XCBuildConfiguration;
			buildSettings = {
				ASSETCATALOG_COMPILER_APPICON_NAME = AppIcon;
				ASSETCATALOG_COMPILER_GLOBAL_ACCENT_COLOR_NAME = AccentColor;
				CODE_SIGN_STYLE = Automatic;
				INFOPLIST_FILE = A2_FA_iOS_Shiwani_C0790032/Info.plist;
				LD_RUNPATH_SEARCH_PATHS = (
					"$(inherited)",
					"@executable_path/Frameworks",
				);
				PRODUCT_BUNDLE_IDENTIFIER = "com.shiwani.A2-FA-iOS-Shiwani-C0790032";
				PRODUCT_NAME = "$(TARGET_NAME)";
				SWIFT_VERSION = 5.0;
				TARGETED_DEVICE_FAMILY = "1,2";
			};
			name = Release;
		};
/* End XCBuildConfiguration section */

/* Begin XCConfigurationList section */
		F2C7B2A225C7D0EB00A14608 /* Build configuration list for PBXProject "A2_FA_iOS_Shiwani_C0790032" */ = {
			isa = XCConfigurationList;
			buildConfigurations = (
				F2C7B2BC25C7D0ED00A14608 /* Debug */,
				F2C7B2BD25C7D0ED00A14608 /* Release */,
			);
			defaultConfigurationIsVisible = 0;
			defaultConfigurationName = Release;
		};
		F2C7B2BE25C7D0ED00A14608 /* Build configuration list for PBXNativeTarget "A2_FA_iOS_Shiwani_C0790032" */ = {
			isa = XCConfigurationList;
			buildConfigurations = (
				F2C7B2BF25C7D0ED00A14608 /* Debug */,
				F2C7B2C025C7D0ED00A14608 /* Release */,
			);
			defaultConfigurationIsVisible = 0;
			defaultConfigurationName = Release;
		};
/* End XCConfigurationList section */

/* Begin XCVersionGroup section */
		F2C7B2B325C7D0EB00A14608 /* A2_FA_iOS_Shiwani_C0790032.xcdatamodeld */ = {
			isa = XCVersionGroup;
			children = (
				F2C7B2B425C7D0EB00A14608 /* A2_FA_iOS_Shiwani_C0790032.xcdatamodel */,
			);
			currentVersion = F2C7B2B425C7D0EB00A14608 /* A2_FA_iOS_Shiwani_C0790032.xcdatamodel */;
			path = A2_FA_iOS_Shiwani_C0790032.xcdatamodeld;
			sourceTree = "<group>";
			versionGroupType = wrapper.xcdatamodel;
		};
		F2C7B2C725C7D3DC00A14608 /* A2_FA_iOS_Shiwani_C0790032.xcdatamodeld */ = {
			isa = XCVersionGroup;
			children = (
				F2C7B2C825C7D3DC00A14608 /* ProductsModel.xcdatamodel */,
			);
			currentVersion = F2C7B2C825C7D3DC00A14608 /* ProductsModel.xcdatamodel */;
			path = A2_FA_iOS_Shiwani_C0790032.xcdatamodeld;
			sourceTree = "<group>";
			versionGroupType = wrapper.xcdatamodel;
		};
/* End XCVersionGroup section */
	};
	rootObject = F2C7B29F25C7D0EB00A14608 /* Project object */;
}
